
Microsoft Visual Studio Solution File, Format Version 12.00
# Visual Studio Version 16
VisualStudioVersion = 16.0.31702.278
MinimumVisualStudioVersion = 10.0.40219.1
Project("{9A19103F-16F7-4668-BE54-9A1E7A4F7556}") = "CI.API", "CI.API\CI.API.csproj", "{1C31DC3D-2530-4113-9F72-7453A530F8BE}"
EndProject
Project("{2150E333-8FDC-42A3-9474-1A3956D46DE8}") = "Solution Items", "Solution Items", "{89D3044B-7079-467D-B998-5E67A3B5DFA9}"
	ProjectSection(SolutionItems) = preProject
		NuGet.Config = NuGet.Config
	EndProjectSection
EndProject
Project("{2150E333-8FDC-42A3-9474-1A3956D46DE8}") = "Libs", "Libs", "{88AB34E6-CB0C-4EDA-906A-CF7B640EBF59}"
EndProject
Project("{9A19103F-16F7-4668-BE54-9A1E7A4F7556}") = "CI.Model", "Libs\CI.Model\CI.Model.csproj", "{51F17BAA-F812-4D8F-BA0E-274E77168603}"
EndProject
Project("{2150E333-8FDC-42A3-9474-1A3956D46DE8}") = "Data", "Data", "{94C96507-96B5-4235-959A-C9DD73ACE6F0}"
EndProject
Project("{9A19103F-16F7-4668-BE54-9A1E7A4F7556}") = "CI.Mappers", "Libs\CI.Mappers\CI.Mappers.csproj", "{F6652E1C-62D7-48F9-9609-4335EDE78DAE}"
EndProject
Project("{9A19103F-16F7-4668-BE54-9A1E7A4F7556}") = "CI.Registration", "Libs\CI.Registration\CI.Registration.csproj", "{23B2CEAF-7C59-4855-98BF-20BA47ED8AEB}"
EndProject
Project("{9A19103F-16F7-4668-BE54-9A1E7A4F7556}") = "CI.MapperRegistration", "Libs\CI.MapperRegistration\CI.MapperRegistration.csproj", "{851AE493-7685-4396-8A7E-5643C0B1D177}"
EndProject
Project("{9A19103F-16F7-4668-BE54-9A1E7A4F7556}") = "CI.JWT", "Libs\CI.JWT\CI.JWT.csproj", "{2491180C-5840-4008-8624-14AB6C4B1784}"
EndProject
Project("{9A19103F-16F7-4668-BE54-9A1E7A4F7556}") = "CI.Interface", "Libs\CI.Interface\CI.Interface.csproj", "{54DB3BF2-EDBD-41D5-B065-0A2DC84152CC}"
EndProject
Project("{9A19103F-16F7-4668-BE54-9A1E7A4F7556}") = "CI.Commons", "Libs\CI.Commons\CI.Commons.csproj", "{4ABE9931-B247-4488-A784-253ADD212BAF}"
EndProject
Project("{9A19103F-16F7-4668-BE54-9A1E7A4F7556}") = "CI.Commands", "Libs\CI.Commands\CI.Commands.csproj", "{FD7767D7-1881-4DD4-9CF8-099A579E2A37}"
EndProject
Project("{9A19103F-16F7-4668-BE54-9A1E7A4F7556}") = "CI.Authenticator", "Libs\CI.Authenticator\CI.Authenticator.csproj", "{6D334A1C-22D8-4AA0-8718-D1648D10856C}"
EndProject
Project("{9A19103F-16F7-4668-BE54-9A1E7A4F7556}") = "CI.API.Handlers", "Libs\CI.API.Handlers\CI.API.Handlers.csproj", "{83B64B63-6A08-47F2-97A0-EB8D4219D8C0}"
EndProject
Project("{9A19103F-16F7-4668-BE54-9A1E7A4F7556}") = "CI.Data.Entity", "Libs\Data\CI.Data.Model\CI.Data.Entity.csproj", "{F0C7BE5F-8E48-40A1-8FA9-E24ADFF3D7E2}"
EndProject
Project("{9A19103F-16F7-4668-BE54-9A1E7A4F7556}") = "CI.Data.Business", "Libs\Data\CI.Data.Business\CI.Data.Business.csproj", "{49745549-F157-43E4-8037-28812DA78328}"
EndProject
Project("{2150E333-8FDC-42A3-9474-1A3956D46DE8}") = "EF", "EF", "{4B394E78-E1BF-452C-9243-F76C388C720F}"
EndProject
Project("{9A19103F-16F7-4668-BE54-9A1E7A4F7556}") = "CI.Data.EF.MongoDB", "Libs\Data\EF\CI.Data.EF.MongoDB\CI.Data.EF.MongoDB.csproj", "{E4D71CF5-2497-4148-86D5-1B42A96D2712}"
EndProject
Project("{9A19103F-16F7-4668-BE54-9A1E7A4F7556}") = "CI.Interface.Model", "Libs\CI.Interface.Model\CI.Interface.Model.csproj", "{F5A7D7AE-0B8A-4C82-AAF0-6F0C9C375C61}"
EndProject
Project("{9A19103F-16F7-4668-BE54-9A1E7A4F7556}") = "CI.Attributes", "Libs\CI.Attributes\CI.Attributes.csproj", "{E48C0F8D-4A34-4779-8DDD-96EBAA006ACF}"
EndProject
Project("{9A19103F-16F7-4668-BE54-9A1E7A4F7556}") = "CI.Seeder", "Libs\Data\CI.Seeder\CI.Seeder.csproj", "{D87EA836-D9F2-44EF-AB27-7C29DD7E9D01}"
EndProject
Project("{FAE04EC0-301F-11D3-BF4B-00C04F79EFBC}") = "CI.Controllers", "Libs\CI.Controllers\CI.Controllers.csproj", "{366B960F-636A-4964-8016-155778C9799D}"
EndProject
Global
	GlobalSection(SolutionConfigurationPlatforms) = preSolution
		Debug|Any CPU = Debug|Any CPU
		Release|Any CPU = Release|Any CPU
	EndGlobalSection
	GlobalSection(ProjectConfigurationPlatforms) = postSolution
		{1C31DC3D-2530-4113-9F72-7453A530F8BE}.Debug|Any CPU.ActiveCfg = Debug|Any CPU
		{1C31DC3D-2530-4113-9F72-7453A530F8BE}.Debug|Any CPU.Build.0 = Debug|Any CPU
		{1C31DC3D-2530-4113-9F72-7453A530F8BE}.Release|Any CPU.ActiveCfg = Release|Any CPU
		{1C31DC3D-2530-4113-9F72-7453A530F8BE}.Release|Any CPU.Build.0 = Release|Any CPU
		{51F17BAA-F812-4D8F-BA0E-274E77168603}.Debug|Any CPU.ActiveCfg = Debug|Any CPU
		{51F17BAA-F812-4D8F-BA0E-274E77168603}.Debug|Any CPU.Build.0 = Debug|Any CPU
		{51F17BAA-F812-4D8F-BA0E-274E77168603}.Release|Any CPU.ActiveCfg = Release|Any CPU
		{51F17BAA-F812-4D8F-BA0E-274E77168603}.Release|Any CPU.Build.0 = Release|Any CPU
		{F6652E1C-62D7-48F9-9609-4335EDE78DAE}.Debug|Any CPU.ActiveCfg = Debug|Any CPU
		{F6652E1C-62D7-48F9-9609-4335EDE78DAE}.Debug|Any CPU.Build.0 = Debug|Any CPU
		{F6652E1C-62D7-48F9-9609-4335EDE78DAE}.Release|Any CPU.ActiveCfg = Release|Any CPU
		{F6652E1C-62D7-48F9-9609-4335EDE78DAE}.Release|Any CPU.Build.0 = Release|Any CPU
		{23B2CEAF-7C59-4855-98BF-20BA47ED8AEB}.Debug|Any CPU.ActiveCfg = Debug|Any CPU
		{23B2CEAF-7C59-4855-98BF-20BA47ED8AEB}.Debug|Any CPU.Build.0 = Debug|Any CPU
		{23B2CEAF-7C59-4855-98BF-20BA47ED8AEB}.Release|Any CPU.ActiveCfg = Release|Any CPU
		{23B2CEAF-7C59-4855-98BF-20BA47ED8AEB}.Release|Any CPU.Build.0 = Release|Any CPU
		{851AE493-7685-4396-8A7E-5643C0B1D177}.Debug|Any CPU.ActiveCfg = Debug|Any CPU
		{851AE493-7685-4396-8A7E-5643C0B1D177}.Debug|Any CPU.Build.0 = Debug|Any CPU
		{851AE493-7685-4396-8A7E-5643C0B1D177}.Release|Any CPU.ActiveCfg = Release|Any CPU
		{851AE493-7685-4396-8A7E-5643C0B1D177}.Release|Any CPU.Build.0 = Release|Any CPU
		{2491180C-5840-4008-8624-14AB6C4B1784}.Debug|Any CPU.ActiveCfg = Debug|Any CPU
		{2491180C-5840-4008-8624-14AB6C4B1784}.Debug|Any CPU.Build.0 = Debug|Any CPU
		{2491180C-5840-4008-8624-14AB6C4B1784}.Release|Any CPU.ActiveCfg = Release|Any CPU
		{2491180C-5840-4008-8624-14AB6C4B1784}.Release|Any CPU.Build.0 = Release|Any CPU
		{54DB3BF2-EDBD-41D5-B065-0A2DC84152CC}.Debug|Any CPU.ActiveCfg = Debug|Any CPU
		{54DB3BF2-EDBD-41D5-B065-0A2DC84152CC}.Debug|Any CPU.Build.0 = Debug|Any CPU
		{54DB3BF2-EDBD-41D5-B065-0A2DC84152CC}.Release|Any CPU.ActiveCfg = Release|Any CPU
		{54DB3BF2-EDBD-41D5-B065-0A2DC84152CC}.Release|Any CPU.Build.0 = Release|Any CPU
		{4ABE9931-B247-4488-A784-253ADD212BAF}.Debug|Any CPU.ActiveCfg = Debug|Any CPU
		{4ABE9931-B247-4488-A784-253ADD212BAF}.Debug|Any CPU.Build.0 = Debug|Any CPU
		{4ABE9931-B247-4488-A784-253ADD212BAF}.Release|Any CPU.ActiveCfg = Release|Any CPU
		{4ABE9931-B247-4488-A784-253ADD212BAF}.Release|Any CPU.Build.0 = Release|Any CPU
		{FD7767D7-1881-4DD4-9CF8-099A579E2A37}.Debug|Any CPU.ActiveCfg = Debug|Any CPU
		{FD7767D7-1881-4DD4-9CF8-099A579E2A37}.Debug|Any CPU.Build.0 = Debug|Any CPU
		{FD7767D7-1881-4DD4-9CF8-099A579E2A37}.Release|Any CPU.ActiveCfg = Release|Any CPU
		{FD7767D7-1881-4DD4-9CF8-099A579E2A37}.Release|Any CPU.Build.0 = Release|Any CPU
		{6D334A1C-22D8-4AA0-8718-D1648D10856C}.Debug|Any CPU.ActiveCfg = Debug|Any CPU
		{6D334A1C-22D8-4AA0-8718-D1648D10856C}.Debug|Any CPU.Build.0 = Debug|Any CPU
		{6D334A1C-22D8-4AA0-8718-D1648D10856C}.Release|Any CPU.ActiveCfg = Release|Any CPU
		{6D334A1C-22D8-4AA0-8718-D1648D10856C}.Release|Any CPU.Build.0 = Release|Any CPU
		{83B64B63-6A08-47F2-97A0-EB8D4219D8C0}.Debug|Any CPU.ActiveCfg = Debug|Any CPU
		{83B64B63-6A08-47F2-97A0-EB8D4219D8C0}.Debug|Any CPU.Build.0 = Debug|Any CPU
		{83B64B63-6A08-47F2-97A0-EB8D4219D8C0}.Release|Any CPU.ActiveCfg = Release|Any CPU
		{83B64B63-6A08-47F2-97A0-EB8D4219D8C0}.Release|Any CPU.Build.0 = Release|Any CPU
		{F0C7BE5F-8E48-40A1-8FA9-E24ADFF3D7E2}.Debug|Any CPU.ActiveCfg = Debug|Any CPU
		{F0C7BE5F-8E48-40A1-8FA9-E24ADFF3D7E2}.Debug|Any CPU.Build.0 = Debug|Any CPU
		{F0C7BE5F-8E48-40A1-8FA9-E24ADFF3D7E2}.Release|Any CPU.ActiveCfg = Release|Any CPU
		{F0C7BE5F-8E48-40A1-8FA9-E24ADFF3D7E2}.Release|Any CPU.Build.0 = Release|Any CPU
		{49745549-F157-43E4-8037-28812DA78328}.Debug|Any CPU.ActiveCfg = Debug|Any CPU
		{49745549-F157-43E4-8037-28812DA78328}.Debug|Any CPU.Build.0 = Debug|Any CPU
		{49745549-F157-43E4-8037-28812DA78328}.Release|Any CPU.ActiveCfg = Release|Any CPU
		{49745549-F157-43E4-8037-28812DA78328}.Release|Any CPU.Build.0 = Release|Any CPU
		{E4D71CF5-2497-4148-86D5-1B42A96D2712}.Debug|Any CPU.ActiveCfg = Debug|Any CPU
		{E4D71CF5-2497-4148-86D5-1B42A96D2712}.Debug|Any CPU.Build.0 = Debug|Any CPU
		{E4D71CF5-2497-4148-86D5-1B42A96D2712}.Release|Any CPU.ActiveCfg = Release|Any CPU
		{E4D71CF5-2497-4148-86D5-1B42A96D2712}.Release|Any CPU.Build.0 = Release|Any CPU
		{F5A7D7AE-0B8A-4C82-AAF0-6F0C9C375C61}.Debug|Any CPU.ActiveCfg = Debug|Any CPU
		{F5A7D7AE-0B8A-4C82-AAF0-6F0C9C375C61}.Debug|Any CPU.Build.0 = Debug|Any CPU
		{F5A7D7AE-0B8A-4C82-AAF0-6F0C9C375C61}.Release|Any CPU.ActiveCfg = Release|Any CPU
		{F5A7D7AE-0B8A-4C82-AAF0-6F0C9C375C61}.Release|Any CPU.Build.0 = Release|Any CPU
		{E48C0F8D-4A34-4779-8DDD-96EBAA006ACF}.Debug|Any CPU.ActiveCfg = Debug|Any CPU
		{E48C0F8D-4A34-4779-8DDD-96EBAA006ACF}.Debug|Any CPU.Build.0 = Debug|Any CPU
		{E48C0F8D-4A34-4779-8DDD-96EBAA006ACF}.Release|Any CPU.ActiveCfg = Release|Any CPU
		{E48C0F8D-4A34-4779-8DDD-96EBAA006ACF}.Release|Any CPU.Build.0 = Release|Any CPU
		{D87EA836-D9F2-44EF-AB27-7C29DD7E9D01}.Debug|Any CPU.ActiveCfg = Debug|Any CPU
		{D87EA836-D9F2-44EF-AB27-7C29DD7E9D01}.Debug|Any CPU.Build.0 = Debug|Any CPU
		{D87EA836-D9F2-44EF-AB27-7C29DD7E9D01}.Release|Any CPU.ActiveCfg = Release|Any CPU
		{D87EA836-D9F2-44EF-AB27-7C29DD7E9D01}.Release|Any CPU.Build.0 = Release|Any CPU
		{366B960F-636A-4964-8016-155778C9799D}.Debug|Any CPU.ActiveCfg = Debug|Any CPU
		{366B960F-636A-4964-8016-155778C9799D}.Debug|Any CPU.Build.0 = Debug|Any CPU
		{366B960F-636A-4964-8016-155778C9799D}.Release|Any CPU.ActiveCfg = Release|Any CPU
		{366B960F-636A-4964-8016-155778C9799D}.Release|Any CPU.Build.0 = Release|Any CPU
	EndGlobalSection
	GlobalSection(SolutionProperties) = preSolution
		HideSolutionNode = FALSE
	EndGlobalSection
	GlobalSection(NestedProjects) = preSolution
		{51F17BAA-F812-4D8F-BA0E-274E77168603} = {88AB34E6-CB0C-4EDA-906A-CF7B640EBF59}
		{94C96507-96B5-4235-959A-C9DD73ACE6F0} = {88AB34E6-CB0C-4EDA-906A-CF7B640EBF59}
		{F6652E1C-62D7-48F9-9609-4335EDE78DAE} = {88AB34E6-CB0C-4EDA-906A-CF7B640EBF59}
		{23B2CEAF-7C59-4855-98BF-20BA47ED8AEB} = {88AB34E6-CB0C-4EDA-906A-CF7B640EBF59}
		{851AE493-7685-4396-8A7E-5643C0B1D177} = {88AB34E6-CB0C-4EDA-906A-CF7B640EBF59}
		{2491180C-5840-4008-8624-14AB6C4B1784} = {88AB34E6-CB0C-4EDA-906A-CF7B640EBF59}
		{54DB3BF2-EDBD-41D5-B065-0A2DC84152CC} = {88AB34E6-CB0C-4EDA-906A-CF7B640EBF59}
		{4ABE9931-B247-4488-A784-253ADD212BAF} = {88AB34E6-CB0C-4EDA-906A-CF7B640EBF59}
		{FD7767D7-1881-4DD4-9CF8-099A579E2A37} = {88AB34E6-CB0C-4EDA-906A-CF7B640EBF59}
		{6D334A1C-22D8-4AA0-8718-D1648D10856C} = {88AB34E6-CB0C-4EDA-906A-CF7B640EBF59}
		{83B64B63-6A08-47F2-97A0-EB8D4219D8C0} = {88AB34E6-CB0C-4EDA-906A-CF7B640EBF59}
		{F0C7BE5F-8E48-40A1-8FA9-E24ADFF3D7E2} = {94C96507-96B5-4235-959A-C9DD73ACE6F0}
		{49745549-F157-43E4-8037-28812DA78328} = {94C96507-96B5-4235-959A-C9DD73ACE6F0}
		{4B394E78-E1BF-452C-9243-F76C388C720F} = {94C96507-96B5-4235-959A-C9DD73ACE6F0}
		{E4D71CF5-2497-4148-86D5-1B42A96D2712} = {4B394E78-E1BF-452C-9243-F76C388C720F}
		{F5A7D7AE-0B8A-4C82-AAF0-6F0C9C375C61} = {88AB34E6-CB0C-4EDA-906A-CF7B640EBF59}
		{E48C0F8D-4A34-4779-8DDD-96EBAA006ACF} = {88AB34E6-CB0C-4EDA-906A-CF7B640EBF59}
		{D87EA836-D9F2-44EF-AB27-7C29DD7E9D01} = {94C96507-96B5-4235-959A-C9DD73ACE6F0}
		{366B960F-636A-4964-8016-155778C9799D} = {88AB34E6-CB0C-4EDA-906A-CF7B640EBF59}
	EndGlobalSection
	GlobalSection(ExtensibilityGlobals) = postSolution
		SolutionGuid = {F46D623D-D5F9-4AC7-8697-D1597ED75204}
	EndGlobalSection
EndGlobal
